
Microsoft Visual Studio Solution File, Format Version 12.00
# Visual Studio 2013
VisualStudioVersion = 12.0.21005.1
MinimumVisualStudioVersion = 10.0.40219.1
Project("{8BC9CEB8-8B4A-11D0-8D11-00A0C91BC942}") = "JavaScriptCoreGenerated", "JavaScriptCoreGenerated.vcxproj", "{2380B1D7-E0DF-4012-B845-BB2A1A3A4474}"
EndProject
Project("{8BC9CEB8-8B4A-11D0-8D11-00A0C91BC942}") = "JavaScriptCore", "JavaScriptCore.vcxproj", "{C49AFC82-3225-4502-B7BE-5F2F64BA7FE0}"
	ProjectSection(ProjectDependencies) = postProject
		{2380B1D7-E0DF-4012-B845-BB2A1A3A4474} = {2380B1D7-E0DF-4012-B845-BB2A1A3A4474}
		{D61A05DE-008B-4048-8F0B-4D9772F0AE36} = {D61A05DE-008B-4048-8F0B-4D9772F0AE36}
		{4CFB71E3-B805-4556-9372-6076A888CC6C} = {4CFB71E3-B805-4556-9372-6076A888CC6C}
	EndProjectSection
EndProject
Project("{8BC9CEB8-8B4A-11D0-8D11-00A0C91BC942}") = "WTF", "..\..\WTF\WTF-wp8\WTF-wp8.vcxproj", "{D61A05DE-008B-4048-8F0B-4D9772F0AE36}"
EndProject
Project("{8BC9CEB8-8B4A-11D0-8D11-00A0C91BC942}") = "LLIntDesiredOffsets", "LLInt\LLIntDesiredOffsets\LLIntDesiredOffsets.vcxproj", "{B654C0E5-B6B3-4631-AF17-07CA9B8E45F3}"
EndProject
Project("{8BC9CEB8-8B4A-11D0-8D11-00A0C91BC942}") = "LLIntOffsetsExtractor", "LLInt\LLIntOffsetsExtractor\LLIntOffsetsExtractor.vcxproj", "{2EB302A6-D335-4965-98DD-F79E18F68AFD}"
	ProjectSection(ProjectDependencies) = postProject
		{2380B1D7-E0DF-4012-B845-BB2A1A3A4474} = {2380B1D7-E0DF-4012-B845-BB2A1A3A4474}
		{D61A05DE-008B-4048-8F0B-4D9772F0AE36} = {D61A05DE-008B-4048-8F0B-4D9772F0AE36}
		{B654C0E5-B6B3-4631-AF17-07CA9B8E45F3} = {B654C0E5-B6B3-4631-AF17-07CA9B8E45F3}
	EndProjectSection
EndProject
Project("{8BC9CEB8-8B4A-11D0-8D11-00A0C91BC942}") = "LLIntAssembly", "LLInt\LLIntAssembly\LLIntAssembly.vcxproj", "{4CFB71E3-B805-4556-9372-6076A888CC6C}"
	ProjectSection(ProjectDependencies) = postProject
		{2EB302A6-D335-4965-98DD-F79E18F68AFD} = {2EB302A6-D335-4965-98DD-F79E18F68AFD}
		{B654C0E5-B6B3-4631-AF17-07CA9B8E45F3} = {B654C0E5-B6B3-4631-AF17-07CA9B8E45F3}
	EndProjectSection
EndProject
Project("{FAE04EC0-301F-11D3-BF4B-00C04F79EFBC}") = "TestRunner", "..\TestRunner\TestRunner.csproj", "{EFD7D08B-F60C-4389-BC64-187095A6B4DA}"
EndProject
Project("{8BC9CEB8-8B4A-11D0-8D11-00A0C91BC942}") = "TestRunnerComponent", "..\TestRunnerComponent\TestRunnerComponent.vcxproj", "{3BE40EC0-DF05-4186-AA86-ECB8EC277583}"
EndProject
Global
	GlobalSection(SolutionConfigurationPlatforms) = preSolution
		Debug|Any CPU = Debug|Any CPU
		Debug|ARM = Debug|ARM
		Debug|Win32 = Debug|Win32
		Debug|x86 = Debug|x86
		Release|Any CPU = Release|Any CPU
		Release|ARM = Release|ARM
		Release|Win32 = Release|Win32
		Release|x86 = Release|x86
	EndGlobalSection
	GlobalSection(ProjectConfigurationPlatforms) = postSolution
		{2380B1D7-E0DF-4012-B845-BB2A1A3A4474}.Debug|Any CPU.ActiveCfg = Debug|Win32
		{2380B1D7-E0DF-4012-B845-BB2A1A3A4474}.Debug|ARM.ActiveCfg = Debug|ARM
		{2380B1D7-E0DF-4012-B845-BB2A1A3A4474}.Debug|ARM.Build.0 = Debug|ARM
		{2380B1D7-E0DF-4012-B845-BB2A1A3A4474}.Debug|Win32.ActiveCfg = Debug|Win32
		{2380B1D7-E0DF-4012-B845-BB2A1A3A4474}.Debug|Win32.Build.0 = Debug|Win32
		{2380B1D7-E0DF-4012-B845-BB2A1A3A4474}.Debug|x86.ActiveCfg = Debug|Win32
		{2380B1D7-E0DF-4012-B845-BB2A1A3A4474}.Debug|x86.Build.0 = Debug|Win32
		{2380B1D7-E0DF-4012-B845-BB2A1A3A4474}.Release|Any CPU.ActiveCfg = Release|Win32
		{2380B1D7-E0DF-4012-B845-BB2A1A3A4474}.Release|ARM.ActiveCfg = Release|ARM
		{2380B1D7-E0DF-4012-B845-BB2A1A3A4474}.Release|ARM.Build.0 = Release|ARM
		{2380B1D7-E0DF-4012-B845-BB2A1A3A4474}.Release|Win32.ActiveCfg = Release|Win32
		{2380B1D7-E0DF-4012-B845-BB2A1A3A4474}.Release|Win32.Build.0 = Release|Win32
		{2380B1D7-E0DF-4012-B845-BB2A1A3A4474}.Release|x86.ActiveCfg = Release|Win32
		{2380B1D7-E0DF-4012-B845-BB2A1A3A4474}.Release|x86.Build.0 = Release|Win32
		{C49AFC82-3225-4502-B7BE-5F2F64BA7FE0}.Debug|Any CPU.ActiveCfg = Debug|Win32
		{C49AFC82-3225-4502-B7BE-5F2F64BA7FE0}.Debug|ARM.ActiveCfg = Debug|ARM
		{C49AFC82-3225-4502-B7BE-5F2F64BA7FE0}.Debug|ARM.Build.0 = Debug|ARM
		{C49AFC82-3225-4502-B7BE-5F2F64BA7FE0}.Debug|Win32.ActiveCfg = Debug|Win32
		{C49AFC82-3225-4502-B7BE-5F2F64BA7FE0}.Debug|Win32.Build.0 = Debug|Win32
		{C49AFC82-3225-4502-B7BE-5F2F64BA7FE0}.Debug|x86.ActiveCfg = Debug|Win32
		{C49AFC82-3225-4502-B7BE-5F2F64BA7FE0}.Debug|x86.Build.0 = Debug|Win32
		{C49AFC82-3225-4502-B7BE-5F2F64BA7FE0}.Release|Any CPU.ActiveCfg = Release|Win32
		{C49AFC82-3225-4502-B7BE-5F2F64BA7FE0}.Release|ARM.ActiveCfg = Release|ARM
		{C49AFC82-3225-4502-B7BE-5F2F64BA7FE0}.Release|ARM.Build.0 = Release|ARM
		{C49AFC82-3225-4502-B7BE-5F2F64BA7FE0}.Release|Win32.ActiveCfg = Release|Win32
		{C49AFC82-3225-4502-B7BE-5F2F64BA7FE0}.Release|Win32.Build.0 = Release|Win32
		{C49AFC82-3225-4502-B7BE-5F2F64BA7FE0}.Release|x86.ActiveCfg = Release|Win32
		{C49AFC82-3225-4502-B7BE-5F2F64BA7FE0}.Release|x86.Build.0 = Release|Win32
		{D61A05DE-008B-4048-8F0B-4D9772F0AE36}.Debug|Any CPU.ActiveCfg = Debug|Win32
		{D61A05DE-008B-4048-8F0B-4D9772F0AE36}.Debug|ARM.ActiveCfg = Debug|ARM
		{D61A05DE-008B-4048-8F0B-4D9772F0AE36}.Debug|ARM.Build.0 = Debug|ARM
		{D61A05DE-008B-4048-8F0B-4D9772F0AE36}.Debug|Win32.ActiveCfg = Debug|Win32
		{D61A05DE-008B-4048-8F0B-4D9772F0AE36}.Debug|Win32.Build.0 = Debug|Win32
		{D61A05DE-008B-4048-8F0B-4D9772F0AE36}.Debug|x86.ActiveCfg = Debug|Win32
		{D61A05DE-008B-4048-8F0B-4D9772F0AE36}.Debug|x86.Build.0 = Debug|Win32
		{D61A05DE-008B-4048-8F0B-4D9772F0AE36}.Release|Any CPU.ActiveCfg = Release|Win32
		{D61A05DE-008B-4048-8F0B-4D9772F0AE36}.Release|ARM.ActiveCfg = Release|ARM
		{D61A05DE-008B-4048-8F0B-4D9772F0AE36}.Release|ARM.Build.0 = Release|ARM
		{D61A05DE-008B-4048-8F0B-4D9772F0AE36}.Release|Win32.ActiveCfg = Release|Win32
		{D61A05DE-008B-4048-8F0B-4D9772F0AE36}.Release|Win32.Build.0 = Release|Win32
		{D61A05DE-008B-4048-8F0B-4D9772F0AE36}.Release|x86.ActiveCfg = Release|Win32
		{D61A05DE-008B-4048-8F0B-4D9772F0AE36}.Release|x86.Build.0 = Release|Win32
		{B654C0E5-B6B3-4631-AF17-07CA9B8E45F3}.Debug|Any CPU.ActiveCfg = Debug|Win32
		{B654C0E5-B6B3-4631-AF17-07CA9B8E45F3}.Debug|ARM.ActiveCfg = Debug|ARM
		{B654C0E5-B6B3-4631-AF17-07CA9B8E45F3}.Debug|ARM.Build.0 = Debug|ARM
		{B654C0E5-B6B3-4631-AF17-07CA9B8E45F3}.Debug|Win32.ActiveCfg = Debug|Win32
		{B654C0E5-B6B3-4631-AF17-07CA9B8E45F3}.Debug|Win32.Build.0 = Debug|Win32
		{B654C0E5-B6B3-4631-AF17-07CA9B8E45F3}.Debug|x86.ActiveCfg = Debug|Win32
		{B654C0E5-B6B3-4631-AF17-07CA9B8E45F3}.Debug|x86.Build.0 = Debug|Win32
		{B654C0E5-B6B3-4631-AF17-07CA9B8E45F3}.Release|Any CPU.ActiveCfg = Release|Win32
		{B654C0E5-B6B3-4631-AF17-07CA9B8E45F3}.Release|ARM.ActiveCfg = Release|ARM
		{B654C0E5-B6B3-4631-AF17-07CA9B8E45F3}.Release|ARM.Build.0 = Release|ARM
		{B654C0E5-B6B3-4631-AF17-07CA9B8E45F3}.Release|Win32.ActiveCfg = Release|Win32
		{B654C0E5-B6B3-4631-AF17-07CA9B8E45F3}.Release|Win32.Build.0 = Release|Win32
		{B654C0E5-B6B3-4631-AF17-07CA9B8E45F3}.Release|x86.ActiveCfg = Release|Win32
		{B654C0E5-B6B3-4631-AF17-07CA9B8E45F3}.Release|x86.Build.0 = Release|Win32
		{2EB302A6-D335-4965-98DD-F79E18F68AFD}.Debug|Any CPU.ActiveCfg = Debug|Win32
		{2EB302A6-D335-4965-98DD-F79E18F68AFD}.Debug|ARM.ActiveCfg = Debug|ARM
		{2EB302A6-D335-4965-98DD-F79E18F68AFD}.Debug|ARM.Build.0 = Debug|ARM
		{2EB302A6-D335-4965-98DD-F79E18F68AFD}.Debug|Win32.ActiveCfg = Debug|Win32
		{2EB302A6-D335-4965-98DD-F79E18F68AFD}.Debug|Win32.Build.0 = Debug|Win32
		{2EB302A6-D335-4965-98DD-F79E18F68AFD}.Debug|x86.ActiveCfg = Debug|Win32
		{2EB302A6-D335-4965-98DD-F79E18F68AFD}.Debug|x86.Build.0 = Debug|Win32
		{2EB302A6-D335-4965-98DD-F79E18F68AFD}.Release|Any CPU.ActiveCfg = Release|Win32
		{2EB302A6-D335-4965-98DD-F79E18F68AFD}.Release|ARM.ActiveCfg = Release|ARM
		{2EB302A6-D335-4965-98DD-F79E18F68AFD}.Release|ARM.Build.0 = Release|ARM
		{2EB302A6-D335-4965-98DD-F79E18F68AFD}.Release|Win32.ActiveCfg = Release|Win32
		{2EB302A6-D335-4965-98DD-F79E18F68AFD}.Release|Win32.Build.0 = Release|Win32
		{2EB302A6-D335-4965-98DD-F79E18F68AFD}.Release|x86.ActiveCfg = Release|Win32
		{2EB302A6-D335-4965-98DD-F79E18F68AFD}.Release|x86.Build.0 = Release|Win32
		{4CFB71E3-B805-4556-9372-6076A888CC6C}.Debug|Any CPU.ActiveCfg = Debug|Win32
		{4CFB71E3-B805-4556-9372-6076A888CC6C}.Debug|ARM.ActiveCfg = Debug|ARM
		{4CFB71E3-B805-4556-9372-6076A888CC6C}.Debug|ARM.Build.0 = Debug|ARM
		{4CFB71E3-B805-4556-9372-6076A888CC6C}.Debug|Win32.ActiveCfg = Debug|Win32
		{4CFB71E3-B805-4556-9372-6076A888CC6C}.Debug|Win32.Build.0 = Debug|Win32
		{4CFB71E3-B805-4556-9372-6076A888CC6C}.Debug|x86.ActiveCfg = Debug|Win32
		{4CFB71E3-B805-4556-9372-6076A888CC6C}.Debug|x86.Build.0 = Debug|Win32
		{4CFB71E3-B805-4556-9372-6076A888CC6C}.Release|Any CPU.ActiveCfg = Release|Win32
		{4CFB71E3-B805-4556-9372-6076A888CC6C}.Release|ARM.ActiveCfg = Release|ARM
		{4CFB71E3-B805-4556-9372-6076A888CC6C}.Release|ARM.Build.0 = Release|ARM
		{4CFB71E3-B805-4556-9372-6076A888CC6C}.Release|Win32.ActiveCfg = Release|Win32
		{4CFB71E3-B805-4556-9372-6076A888CC6C}.Release|Win32.Build.0 = Release|Win32
		{4CFB71E3-B805-4556-9372-6076A888CC6C}.Release|x86.ActiveCfg = Release|Win32
		{4CFB71E3-B805-4556-9372-6076A888CC6C}.Release|x86.Build.0 = Release|Win32
		{EFD7D08B-F60C-4389-BC64-187095A6B4DA}.Debug|Any CPU.ActiveCfg = Debug|Any CPU
		{EFD7D08B-F60C-4389-BC64-187095A6B4DA}.Debug|Any CPU.Build.0 = Debug|Any CPU
		{EFD7D08B-F60C-4389-BC64-187095A6B4DA}.Debug|Any CPU.Deploy.0 = Debug|Any CPU
		{EFD7D08B-F60C-4389-BC64-187095A6B4DA}.Debug|ARM.ActiveCfg = Debug|ARM
		{EFD7D08B-F60C-4389-BC64-187095A6B4DA}.Debug|ARM.Build.0 = Debug|ARM
		{EFD7D08B-F60C-4389-BC64-187095A6B4DA}.Debug|ARM.Deploy.0 = Debug|ARM
		{EFD7D08B-F60C-4389-BC64-187095A6B4DA}.Debug|Win32.ActiveCfg = Debug|Any CPU
		{EFD7D08B-F60C-4389-BC64-187095A6B4DA}.Debug|Win32.Build.0 = Debug|Any CPU
		{EFD7D08B-F60C-4389-BC64-187095A6B4DA}.Debug|Win32.Deploy.0 = Debug|Any CPU
		{EFD7D08B-F60C-4389-BC64-187095A6B4DA}.Debug|x86.ActiveCfg = Debug|x86
		{EFD7D08B-F60C-4389-BC64-187095A6B4DA}.Debug|x86.Build.0 = Debug|x86
		{EFD7D08B-F60C-4389-BC64-187095A6B4DA}.Debug|x86.Deploy.0 = Debug|x86
		{EFD7D08B-F60C-4389-BC64-187095A6B4DA}.Release|Any CPU.ActiveCfg = Release|Any CPU
		{EFD7D08B-F60C-4389-BC64-187095A6B4DA}.Release|Any CPU.Build.0 = Release|Any CPU
		{EFD7D08B-F60C-4389-BC64-187095A6B4DA}.Release|Any CPU.Deploy.0 = Release|Any CPU
		{EFD7D08B-F60C-4389-BC64-187095A6B4DA}.Release|ARM.ActiveCfg = Release|ARM
		{EFD7D08B-F60C-4389-BC64-187095A6B4DA}.Release|ARM.Build.0 = Release|ARM
		{EFD7D08B-F60C-4389-BC64-187095A6B4DA}.Release|ARM.Deploy.0 = Release|ARM
		{EFD7D08B-F60C-4389-BC64-187095A6B4DA}.Release|Win32.ActiveCfg = Release|x86
		{EFD7D08B-F60C-4389-BC64-187095A6B4DA}.Release|Win32.Build.0 = Release|x86
		{EFD7D08B-F60C-4389-BC64-187095A6B4DA}.Release|Win32.Deploy.0 = Release|x86
		{EFD7D08B-F60C-4389-BC64-187095A6B4DA}.Release|x86.ActiveCfg = Release|x86
		{EFD7D08B-F60C-4389-BC64-187095A6B4DA}.Release|x86.Build.0 = Release|x86
		{EFD7D08B-F60C-4389-BC64-187095A6B4DA}.Release|x86.Deploy.0 = Release|x86
		{3BE40EC0-DF05-4186-AA86-ECB8EC277583}.Debug|Any CPU.ActiveCfg = Debug|Win32
		{3BE40EC0-DF05-4186-AA86-ECB8EC277583}.Debug|ARM.ActiveCfg = Debug|ARM
		{3BE40EC0-DF05-4186-AA86-ECB8EC277583}.Debug|ARM.Build.0 = Debug|ARM
		{3BE40EC0-DF05-4186-AA86-ECB8EC277583}.Debug|Win32.ActiveCfg = Debug|Win32
		{3BE40EC0-DF05-4186-AA86-ECB8EC277583}.Debug|Win32.Build.0 = Debug|Win32
		{3BE40EC0-DF05-4186-AA86-ECB8EC277583}.Debug|x86.ActiveCfg = Debug|Win32
		{3BE40EC0-DF05-4186-AA86-ECB8EC277583}.Debug|x86.Build.0 = Debug|Win32
		{3BE40EC0-DF05-4186-AA86-ECB8EC277583}.Release|Any CPU.ActiveCfg = Release|Win32
		{3BE40EC0-DF05-4186-AA86-ECB8EC277583}.Release|ARM.ActiveCfg = Release|ARM
		{3BE40EC0-DF05-4186-AA86-ECB8EC277583}.Release|ARM.Build.0 = Release|ARM
		{3BE40EC0-DF05-4186-AA86-ECB8EC277583}.Release|Win32.ActiveCfg = Release|Win32
		{3BE40EC0-DF05-4186-AA86-ECB8EC277583}.Release|Win32.Build.0 = Release|Win32
		{3BE40EC0-DF05-4186-AA86-ECB8EC277583}.Release|x86.ActiveCfg = Release|Win32
		{3BE40EC0-DF05-4186-AA86-ECB8EC277583}.Release|x86.Build.0 = Release|Win32
	EndGlobalSection
	GlobalSection(SolutionProperties) = preSolution
		HideSolutionNode = FALSE
	EndGlobalSection
EndGlobal
